# THIS IS AN AUTOGENERATED FILE. DO NOT EDIT THIS FILE DIRECTLY.
# yarn lockfile v1


"@hapi/accept@^5.0.1":
  version "5.0.2"
  resolved "https://registry.yarnpkg.com/@hapi/accept/-/accept-5.0.2.tgz#ab7043b037e68b722f93f376afb05e85c0699523"
  integrity sha512-CmzBx/bXUR8451fnZRuZAJRlzgm0Jgu5dltTX/bszmR2lheb9BpyN47Q1RbaGTsvFzn0PXAEs+lXDKfshccYZw==
  dependencies:
    "@hapi/boom" "9.x.x"
    "@hapi/hoek" "9.x.x"

"@hapi/ammo@^5.0.1":
  version "5.0.1"
  resolved "https://registry.yarnpkg.com/@hapi/ammo/-/ammo-5.0.1.tgz#9d34560f5c214eda563d838c01297387efaab490"
  integrity sha512-FbCNwcTbnQP4VYYhLNGZmA76xb2aHg9AMPiy18NZyWMG310P5KdFGyA9v2rm5ujrIny77dEEIkMOwl0Xv+fSSA==
  dependencies:
    "@hapi/hoek" "9.x.x"

"@hapi/b64@5.x.x":
  version "5.0.0"
  resolved "https://registry.yarnpkg.com/@hapi/b64/-/b64-5.0.0.tgz#b8210cbd72f4774985e78569b77e97498d24277d"
  integrity sha512-ngu0tSEmrezoiIaNGG6rRvKOUkUuDdf4XTPnONHGYfSGRmDqPZX5oJL6HAdKTo1UQHECbdB4OzhWrfgVppjHUw==
  dependencies:
    "@hapi/hoek" "9.x.x"

"@hapi/boom@9.x.x", "@hapi/boom@^9.1.0":
  version "9.1.4"
  resolved "https://registry.yarnpkg.com/@hapi/boom/-/boom-9.1.4.tgz#1f9dad367c6a7da9f8def24b4a986fc5a7bd9db6"
  integrity sha512-Ls1oH8jaN1vNsqcaHVYJrKmgMcKsC1wcp8bujvXrHaAqD2iDYq3HoOwsxwo09Cuda5R5nC0o0IxlrlTuvPuzSw==
  dependencies:
    "@hapi/hoek" "9.x.x"

"@hapi/bounce@2.x.x", "@hapi/bounce@^2.0.0":
  version "2.0.0"
  resolved "https://registry.yarnpkg.com/@hapi/bounce/-/bounce-2.0.0.tgz#e6ef56991c366b1e2738b2cd83b01354d938cf3d"
  integrity sha512-JesW92uyzOOyuzJKjoLHM1ThiOvHPOLDHw01YV8yh5nCso7sDwJho1h0Ad2N+E62bZyz46TG3xhAi/78Gsct6A==
  dependencies:
    "@hapi/boom" "9.x.x"
    "@hapi/hoek" "9.x.x"

"@hapi/bourne@2.x.x":
  version "2.0.0"
  resolved "https://registry.yarnpkg.com/@hapi/bourne/-/bourne-2.0.0.tgz#5bb2193eb685c0007540ca61d166d4e1edaf918d"
  integrity sha512-WEezM1FWztfbzqIUbsDzFRVMxSoLy3HugVcux6KDDtTqzPsLE8NDRHfXvev66aH1i2oOKKar3/XDjbvh/OUBdg==

"@hapi/call@^8.0.0":
  version "8.0.1"
  resolved "https://registry.yarnpkg.com/@hapi/call/-/call-8.0.1.tgz#9e64cd8ba6128eb5be6e432caaa572b1ed8cd7c0"
  integrity sha512-bOff6GTdOnoe5b8oXRV3lwkQSb/LAWylvDMae6RgEWWntd0SHtkYbQukDHKlfaYtVnSAgIavJ0kqszF/AIBb6g==
  dependencies:
    "@hapi/boom" "9.x.x"
    "@hapi/hoek" "9.x.x"

"@hapi/catbox-memory@^5.0.0":
  version "5.0.1"
  resolved "https://registry.yarnpkg.com/@hapi/catbox-memory/-/catbox-memory-5.0.1.tgz#cb63fca0ded01d445a2573b38eb2688df67f70ac"
  integrity sha512-QWw9nOYJq5PlvChLWV8i6hQHJYfvdqiXdvTupJFh0eqLZ64Xir7mKNi96d5/ZMUAqXPursfNDIDxjFgoEDUqeQ==
  dependencies:
    "@hapi/boom" "9.x.x"
    "@hapi/hoek" "9.x.x"

"@hapi/catbox@^11.1.1":
  version "11.1.1"
  resolved "https://registry.yarnpkg.com/@hapi/catbox/-/catbox-11.1.1.tgz#d277e2d5023fd69cddb33d05b224ea03065fec0c"
  integrity sha512-u/8HvB7dD/6X8hsZIpskSDo4yMKpHxFd7NluoylhGrL6cUfYxdQPnvUp9YU2C6F9hsyBVLGulBd9vBN1ebfXOQ==
  dependencies:
    "@hapi/boom" "9.x.x"
    "@hapi/hoek" "9.x.x"
    "@hapi/podium" "4.x.x"
    "@hapi/validate" "1.x.x"

"@hapi/content@^5.0.2":
  version "5.0.2"
  resolved "https://registry.yarnpkg.com/@hapi/content/-/content-5.0.2.tgz#ae57954761de570392763e64cdd75f074176a804"
  integrity sha512-mre4dl1ygd4ZyOH3tiYBrOUBzV7Pu/EOs8VLGf58vtOEECWed8Uuw6B4iR9AN/8uQt42tB04qpVaMyoMQh0oMw==
  dependencies:
    "@hapi/boom" "9.x.x"

"@hapi/cryptiles@5.x.x":
  version "5.1.0"
  resolved "https://registry.yarnpkg.com/@hapi/cryptiles/-/cryptiles-5.1.0.tgz#655de4cbbc052c947f696148c83b187fc2be8f43"
  integrity sha512-fo9+d1Ba5/FIoMySfMqPBR/7Pa29J2RsiPrl7bkwo5W5o+AN1dAYQRi4SPrPwwVxVGKjgLOEWrsvt1BonJSfLA==
  dependencies:
    "@hapi/boom" "9.x.x"

"@hapi/file@2.x.x":
  version "2.0.0"
  resolved "https://registry.yarnpkg.com/@hapi/file/-/file-2.0.0.tgz#2ecda37d1ae9d3078a67c13b7da86e8c3237dfb9"
  integrity sha512-WSrlgpvEqgPWkI18kkGELEZfXr0bYLtr16iIN4Krh9sRnzBZN6nnWxHFxtsnP684wueEySBbXPDg/WfA9xJdBQ==

"@hapi/hapi@^20.2.1":
  version "20.2.1"
  resolved "https://registry.yarnpkg.com/@hapi/hapi/-/hapi-20.2.1.tgz#7482bc28757cb4671623a61bdb5ce920bffc8a2f"
  integrity sha512-OXAU+yWLwkMfPFic+KITo+XPp6Oxpgc9WUH+pxXWcTIuvWbgco5TC/jS8UDvz+NFF5IzRgF2CL6UV/KLdQYUSQ==
  dependencies:
    "@hapi/accept" "^5.0.1"
    "@hapi/ammo" "^5.0.1"
    "@hapi/boom" "^9.1.0"
    "@hapi/bounce" "^2.0.0"
    "@hapi/call" "^8.0.0"
    "@hapi/catbox" "^11.1.1"
    "@hapi/catbox-memory" "^5.0.0"
    "@hapi/heavy" "^7.0.1"
    "@hapi/hoek" "^9.0.4"
    "@hapi/mimos" "^6.0.0"
    "@hapi/podium" "^4.1.1"
    "@hapi/shot" "^5.0.5"
    "@hapi/somever" "^3.0.0"
    "@hapi/statehood" "^7.0.3"
    "@hapi/subtext" "^7.0.3"
    "@hapi/teamwork" "^5.1.0"
    "@hapi/topo" "^5.0.0"
    "@hapi/validate" "^1.1.1"

"@hapi/heavy@^7.0.1":
  version "7.0.1"
  resolved "https://registry.yarnpkg.com/@hapi/heavy/-/heavy-7.0.1.tgz#73315ae33b6e7682a0906b7a11e8ca70e3045874"
  integrity sha512-vJ/vzRQ13MtRzz6Qd4zRHWS3FaUc/5uivV2TIuExGTM9Qk+7Zzqj0e2G7EpE6KztO9SalTbiIkTh7qFKj/33cA==
  dependencies:
    "@hapi/boom" "9.x.x"
    "@hapi/hoek" "9.x.x"
    "@hapi/validate" "1.x.x"

"@hapi/hoek@9.x.x", "@hapi/hoek@^9.0.0", "@hapi/hoek@^9.0.4":
  version "9.2.1"
  resolved "https://registry.yarnpkg.com/@hapi/hoek/-/hoek-9.2.1.tgz#9551142a1980503752536b5050fd99f4a7f13b17"
  integrity sha512-gfta+H8aziZsm8pZa0vj04KO6biEiisppNgA1kbJvFrrWu9Vm7eaUEy76DIxsuTaWvti5fkJVhllWc6ZTE+Mdw==

"@hapi/iron@6.x.x":
  version "6.0.0"
  resolved "https://registry.yarnpkg.com/@hapi/iron/-/iron-6.0.0.tgz#ca3f9136cda655bdd6028de0045da0de3d14436f"
  integrity sha512-zvGvWDufiTGpTJPG1Y/McN8UqWBu0k/xs/7l++HVU535NLHXsHhy54cfEMdW7EjwKfbBfM9Xy25FmTiobb7Hvw==
  dependencies:
    "@hapi/b64" "5.x.x"
    "@hapi/boom" "9.x.x"
    "@hapi/bourne" "2.x.x"
    "@hapi/cryptiles" "5.x.x"
    "@hapi/hoek" "9.x.x"

"@hapi/mimos@^6.0.0":
  version "6.0.0"
  resolved "https://registry.yarnpkg.com/@hapi/mimos/-/mimos-6.0.0.tgz#daa523d9c07222c7e8860cb7c9c5501fd6506484"
  integrity sha512-Op/67tr1I+JafN3R3XN5DucVSxKRT/Tc+tUszDwENoNpolxeXkhrJ2Czt6B6AAqrespHoivhgZBWYSuANN9QXg==
  dependencies:
    "@hapi/hoek" "9.x.x"
    mime-db "1.x.x"

"@hapi/nigel@4.x.x":
  version "4.0.2"
  resolved "https://registry.yarnpkg.com/@hapi/nigel/-/nigel-4.0.2.tgz#8f84ef4bca4fb03b2376463578f253b0b8e863c4"
  integrity sha512-ht2KoEsDW22BxQOEkLEJaqfpoKPXxi7tvabXy7B/77eFtOyG5ZEstfZwxHQcqAiZhp58Ae5vkhEqI03kawkYNw==
  dependencies:
    "@hapi/hoek" "^9.0.4"
    "@hapi/vise" "^4.0.0"

"@hapi/pez@^5.0.1":
  version "5.0.3"
  resolved "https://registry.yarnpkg.com/@hapi/pez/-/pez-5.0.3.tgz#b75446e6fef8cbb16816573ab7da1b0522e7a2a1"
  integrity sha512-mpikYRJjtrbJgdDHG/H9ySqYqwJ+QU/D7FXsYciS9P7NYBXE2ayKDAy3H0ou6CohOCaxPuTV4SZ0D936+VomHA==
  dependencies:
    "@hapi/b64" "5.x.x"
    "@hapi/boom" "9.x.x"
    "@hapi/content" "^5.0.2"
    "@hapi/hoek" "9.x.x"
    "@hapi/nigel" "4.x.x"

"@hapi/podium@4.x.x", "@hapi/podium@^4.1.1":
  version "4.1.3"
  resolved "https://registry.yarnpkg.com/@hapi/podium/-/podium-4.1.3.tgz#91e20838fc2b5437f511d664aabebbb393578a26"
  integrity sha512-ljsKGQzLkFqnQxE7qeanvgGj4dejnciErYd30dbrYzUOF/FyS/DOF97qcrT3bhoVwCYmxa6PEMhxfCPlnUcD2g==
  dependencies:
    "@hapi/hoek" "9.x.x"
    "@hapi/teamwork" "5.x.x"
    "@hapi/validate" "1.x.x"

"@hapi/shot@^5.0.5":
  version "5.0.5"
  resolved "https://registry.yarnpkg.com/@hapi/shot/-/shot-5.0.5.tgz#a25c23d18973bec93c7969c51bf9579632a5bebd"
  integrity sha512-x5AMSZ5+j+Paa8KdfCoKh+klB78otxF+vcJR/IoN91Vo2e5ulXIW6HUsFTCU+4W6P/Etaip9nmdAx2zWDimB2A==
  dependencies:
    "@hapi/hoek" "9.x.x"
    "@hapi/validate" "1.x.x"

"@hapi/somever@^3.0.0":
  version "3.0.1"
  resolved "https://registry.yarnpkg.com/@hapi/somever/-/somever-3.0.1.tgz#9961cd5bdbeb5bb1edc0b2acdd0bb424066aadcc"
  integrity sha512-4ZTSN3YAHtgpY/M4GOtHUXgi6uZtG9nEZfNI6QrArhK0XN/RDVgijlb9kOmXwCR5VclDSkBul9FBvhSuKXx9+w==
  dependencies:
    "@hapi/bounce" "2.x.x"
    "@hapi/hoek" "9.x.x"

"@hapi/statehood@^7.0.3":
  version "7.0.3"
  resolved "https://registry.yarnpkg.com/@hapi/statehood/-/statehood-7.0.3.tgz#655166f3768344ed3c3b50375a303cdeca8040d9"
  integrity sha512-pYB+pyCHkf2Amh67QAXz7e/DN9jcMplIL7Z6N8h0K+ZTy0b404JKPEYkbWHSnDtxLjJB/OtgElxocr2fMH4G7w==
  dependencies:
    "@hapi/boom" "9.x.x"
    "@hapi/bounce" "2.x.x"
    "@hapi/bourne" "2.x.x"
    "@hapi/cryptiles" "5.x.x"
    "@hapi/hoek" "9.x.x"
    "@hapi/iron" "6.x.x"
    "@hapi/validate" "1.x.x"

"@hapi/subtext@^7.0.3":
  version "7.0.3"
  resolved "https://registry.yarnpkg.com/@hapi/subtext/-/subtext-7.0.3.tgz#f7440fc7c966858e1f39681e99eb6171c71e7abd"
  integrity sha512-CekDizZkDGERJ01C0+TzHlKtqdXZxzSWTOaH6THBrbOHnsr3GY+yiMZC+AfNCypfE17RaIakGIAbpL2Tk1z2+A==
  dependencies:
    "@hapi/boom" "9.x.x"
    "@hapi/bourne" "2.x.x"
    "@hapi/content" "^5.0.2"
    "@hapi/file" "2.x.x"
    "@hapi/hoek" "9.x.x"
    "@hapi/pez" "^5.0.1"
    "@hapi/wreck" "17.x.x"

"@hapi/teamwork@5.x.x", "@hapi/teamwork@^5.1.0":
  version "5.1.0"
  resolved "https://registry.yarnpkg.com/@hapi/teamwork/-/teamwork-5.1.0.tgz#7801a61fc727f702fd2196ef7625eb4e389f4124"
  integrity sha512-llqoQTrAJDTXxG3c4Kz/uzhBS1TsmSBa/XG5SPcVXgmffHE1nFtyLIK0hNJHCB3EuBKT84adzd1hZNY9GJLWtg==

"@hapi/topo@^5.0.0":
  version "5.1.0"
  resolved "https://registry.yarnpkg.com/@hapi/topo/-/topo-5.1.0.tgz#dc448e332c6c6e37a4dc02fd84ba8d44b9afb012"
  integrity sha512-foQZKJig7Ob0BMAYBfcJk8d77QtOe7Wo4ox7ff1lQYoNNAb6jwcY1ncdoy2e9wQZzvNy7ODZCYJkK8kzmcAnAg==
  dependencies:
    "@hapi/hoek" "^9.0.0"

"@hapi/validate@1.x.x", "@hapi/validate@^1.1.1":
  version "1.1.3"
  resolved "https://registry.yarnpkg.com/@hapi/validate/-/validate-1.1.3.tgz#f750a07283929e09b51aa16be34affb44e1931ad"
  integrity sha512-/XMR0N0wjw0Twzq2pQOzPBZlDzkekGcoCtzO314BpIEsbXdYGthQUbxgkGDf4nhk1+IPDAsXqWjMohRQYO06UA==
  dependencies:
    "@hapi/hoek" "^9.0.0"
    "@hapi/topo" "^5.0.0"

"@hapi/vise@^4.0.0":
  version "4.0.0"
  resolved "https://registry.yarnpkg.com/@hapi/vise/-/vise-4.0.0.tgz#c6a94fe121b94a53bf99e7489f7fcc74c104db02"
  integrity sha512-eYyLkuUiFZTer59h+SGy7hUm+qE9p+UemePTHLlIWppEd+wExn3Df5jO04bFQTm7nleF5V8CtuYQYb+VFpZ6Sg==
  dependencies:
    "@hapi/hoek" "9.x.x"

"@hapi/wreck@17.x.x":
  version "17.1.0"
  resolved "https://registry.yarnpkg.com/@hapi/wreck/-/wreck-17.1.0.tgz#fbdc380c6f3fa1f8052dc612b2d3b6ce3e88dbec"
  integrity sha512-nx6sFyfqOpJ+EFrHX+XWwJAxs3ju4iHdbB/bwR8yTNZOiYmuhA8eCe7lYPtYmb4j7vyK/SlbaQsmTtUrMvPEBw==
  dependencies:
    "@hapi/boom" "9.x.x"
    "@hapi/bourne" "2.x.x"
    "@hapi/hoek" "9.x.x"

"@sideway/address@^4.1.3":
  version "4.1.3"
  resolved "https://registry.yarnpkg.com/@sideway/address/-/address-4.1.3.tgz#d93cce5d45c5daec92ad76db492cc2ee3c64ab27"
  integrity sha512-8ncEUtmnTsMmL7z1YPB47kPUq7LpKWJNFPsRzHiIajGC5uXlWGn+AmkYPcHNl8S4tcEGx+cnORnNYaw2wvL+LQ==
  dependencies:
    "@hapi/hoek" "^9.0.0"

"@sideway/formula@^3.0.0":
  version "3.0.0"
  resolved "https://registry.yarnpkg.com/@sideway/formula/-/formula-3.0.0.tgz#fe158aee32e6bd5de85044be615bc08478a0a13c"
  integrity sha512-vHe7wZ4NOXVfkoRb8T5otiENVlT7a3IAiw7H5M2+GO+9CDgcVUUsX1zalAztCmwyOr2RUTGJdgB+ZvSVqmdHmg==

"@sideway/pinpoint@^2.0.0":
  version "2.0.0"
  resolved "https://registry.yarnpkg.com/@sideway/pinpoint/-/pinpoint-2.0.0.tgz#cff8ffadc372ad29fd3f78277aeb29e632cc70df"
  integrity sha512-RNiOoTPkptFtSVzQevY/yWtZwf/RxyVnPy/OcA9HBM3MlGDnBEYL5B41H0MTn0Uec8Hi+2qUtTfG2WWZBmMejQ==

"@types/debug@^4.1.7":
  version "4.1.7"
  resolved "https://registry.yarnpkg.com/@types/debug/-/debug-4.1.7.tgz#7cc0ea761509124709b8b2d1090d8f6c17aadb82"
  integrity sha512-9AonUzyTjXXhEOa0DnqpzZi6VHlqKMswga9EXjpXnnqxwLtdvPPtlO8evrI5D9S6asFRCQ6v+wpiUKbw+vKqyg==
  dependencies:
    "@types/ms" "*"

"@types/ms@*":
  version "0.7.31"
  resolved "https://registry.yarnpkg.com/@types/ms/-/ms-0.7.31.tgz#31b7ca6407128a3d2bbc27fe2d21b345397f6197"
  integrity sha512-iiUgKzV9AuaEkZqkOLDIvlQiL6ltuZd9tGcW3gwpnX8JbuiuhFlEGmmFXEXkN50Cvq7Os88IY2v0dkDqXYWVgA==

"@types/node@*":
  version "17.0.21"
  resolved "https://registry.yarnpkg.com/@types/node/-/node-17.0.21.tgz#864b987c0c68d07b4345845c3e63b75edd143644"
  integrity sha512-DBZCJbhII3r90XbQxI8Y9IjjiiOGlZ0Hr32omXIZvwwZ7p4DMMXGrKXVyPfuoBOri9XNtL0UK69jYIBIsRX3QQ==

"@types/validator@^13.7.1":
  version "13.7.1"
  resolved "https://registry.yarnpkg.com/@types/validator/-/validator-13.7.1.tgz#cdab1b4779f6b1718a08de89d92d2603b71950cb"
  integrity sha512-I6OUIZ5cYRk5lp14xSOAiXjWrfVoMZVjDuevBYgQDYzZIjsf2CAISpEcXOkFAtpAHbmWIDLcZObejqny/9xq5Q==

axios@^0.26.1:
  version "0.26.1"
  resolved "https://registry.yarnpkg.com/axios/-/axios-0.26.1.tgz#1ede41c51fcf51bbbd6fd43669caaa4f0495aaa9"
  integrity sha512-fPwcX4EvnSHuInCMItEhAGnaSEXRBjtzh9fOtsE6E1G6p7vl7edEeZe11QHf18+6+9gR5PbKV/sGKNaD8YaMeA==
  dependencies:
    follow-redirects "^1.14.8"

bindings@^1.5.0:
  version "1.5.0"
  resolved "https://registry.yarnpkg.com/bindings/-/bindings-1.5.0.tgz#10353c9e945334bc0511a6d90b38fbc7c9c504df"
  integrity sha512-p2q/t/mhvuOj/UeLlV6566GD/guowlr0hHxClI0W9m7MWYkL1F0hLo+0Aexs9HSPCtR1SXQ0TD3MMKrXZajbiQ==
  dependencies:
    file-uri-to-path "1.0.0"

buffer-writer@2.0.0:
  version "2.0.0"
  resolved "https://registry.yarnpkg.com/buffer-writer/-/buffer-writer-2.0.0.tgz#ce7eb81a38f7829db09c873f2fbb792c0c98ec04"
  integrity sha512-a7ZpuTZU1TRtnwyCNW3I5dc0wWNC3VR9S++Ewyk2HHZdrO3CQJqSpd+95Us590V6AL7JqUAH2IwZ/398PmNFgw==

debug@^4.3.3:
  version "4.3.4"
  resolved "https://registry.yarnpkg.com/debug/-/debug-4.3.4.tgz#1319f6579357f2338d3337d2cdd4914bb5dcc865"
  integrity sha512-PRWFHuSU3eDtQJPvnNY7Jcket1j0t5OuOsFzPPzsekD52Zl8qUfFIPEiswXqIvHWGVHOgX+7G/vCNNhehwxfkQ==
  dependencies:
    ms "2.1.2"

dottie@^2.0.2:
  version "2.0.2"
  resolved "https://registry.yarnpkg.com/dottie/-/dottie-2.0.2.tgz#cc91c0726ce3a054ebf11c55fbc92a7f266dd154"
  integrity sha512-fmrwR04lsniq/uSr8yikThDTrM7epXHBAAjH9TbeH3rEA8tdCO7mRzB9hdmdGyJCxF8KERo9CITcm3kGuoyMhg==

file-uri-to-path@1.0.0:
  version "1.0.0"
  resolved "https://registry.yarnpkg.com/file-uri-to-path/-/file-uri-to-path-1.0.0.tgz#553a7b8446ff6f684359c445f1e37a05dacc33dd"
  integrity sha512-0Zt+s3L7Vf1biwWZ29aARiVYLx7iMGnEUl9x33fbB/j3jR81u/O2LbqK+Bm1CDSNDKVtJ/YjwY7TUd5SkeLQLw==

follow-redirects@^1.14.8:
  version "1.14.9"
  resolved "https://registry.yarnpkg.com/follow-redirects/-/follow-redirects-1.14.9.tgz#dd4ea157de7bfaf9ea9b3fbd85aa16951f78d8d7"
  integrity sha512-MQDfihBQYMcyy5dhRDJUHcw7lb2Pv/TuE6xP1vyraLukNDHKbDxDNaOE3NbCAdKQApno+GPRyo1YAp89yCjK4w==

hapi-routes-prefixer@^3.0.0:
  version "3.0.0"
  resolved "https://registry.yarnpkg.com/hapi-routes-prefixer/-/hapi-routes-prefixer-3.0.0.tgz#27e67d57171e77d1cbba54243a5c0955a49a86f9"
  integrity sha1-J+Z9Vxced9HLulQkOlwJVaSahvk=

hoek@5.x.x:
  version "5.0.4"
  resolved "https://registry.yarnpkg.com/hoek/-/hoek-5.0.4.tgz#0f7fa270a1cafeb364a4b2ddfaa33f864e4157da"
  integrity sha512-Alr4ZQgoMlnere5FZJsIyfIjORBqZll5POhDsF4q64dPuJR6rNxXdDxtHSQq8OXRurhmx+PWYEE8bXRROY8h0w==

hoek@6.x.x:
  version "6.1.3"
  resolved "https://registry.yarnpkg.com/hoek/-/hoek-6.1.3.tgz#73b7d33952e01fe27a38b0457294b79dd8da242c"
  integrity sha512-YXXAAhmF9zpQbC7LEcREFtXfGq5K1fmd+4PHkBq8NUqmzW3G+Dq10bI/i0KucLRwss3YYFQ0fSfoxBZYiGUqtQ==

hoek@^4.2.1:
  version "4.2.1"
  resolved "https://registry.yarnpkg.com/hoek/-/hoek-4.2.1.tgz#9634502aa12c445dd5a7c5734b572bb8738aacbb"
  integrity sha512-QLg82fGkfnJ/4iy1xZ81/9SIJiq1NGFUMGs6ParyjBZr6jW2Ufj/snDqTHixNlHdPNwN2RLVD0Pi3igeK9+JfA==

inflection@^1.13.2:
  version "1.13.2"
  resolved "https://registry.yarnpkg.com/inflection/-/inflection-1.13.2.tgz#15e8c797c6c3dadf31aa658f8df8a4ea024798b0"
  integrity sha512-cmZlljCRTBFouT8UzMzrGcVEvkv6D/wBdcdKG7J1QH5cXjtU75Dm+P27v9EKu/Y43UYyCJd1WC4zLebRrC8NBw==

isemail@3.x.x:
  version "3.2.0"
  resolved "https://registry.yarnpkg.com/isemail/-/isemail-3.2.0.tgz#59310a021931a9fb06bbb51e155ce0b3f236832c"
  integrity sha512-zKqkK+O+dGqevc93KNsbZ/TqTUFd46MwWjYOoMrjIMZ51eU7DtQG3Wmd9SQQT7i7RVnuTPEiYEWHU3MSbxC1Tg==
  dependencies:
    punycode "2.x.x"

joi@^13.1.2:
  version "13.7.0"
  resolved "https://registry.yarnpkg.com/joi/-/joi-13.7.0.tgz#cfd85ebfe67e8a1900432400b4d03bbd93fb879f"
  integrity sha512-xuY5VkHfeOYK3Hdi91ulocfuFopwgbSORmIwzcwHKESQhC7w1kD5jaVSPnqDxS2I8t3RZ9omCKAxNwXN5zG1/Q==
  dependencies:
    hoek "5.x.x"
    isemail "3.x.x"
    topo "3.x.x"

joi@^17.6.0:
  version "17.6.0"
  resolved "https://registry.yarnpkg.com/joi/-/joi-17.6.0.tgz#0bb54f2f006c09a96e75ce687957bd04290054b2"
  integrity sha512-OX5dG6DTbcr/kbMFj0KGYxuew69HPcAE3K/sZpEV2nP6e/j/C0HV+HNiBPCASxdx5T7DMoa0s8UeHWMnb6n2zw==
  dependencies:
    "@hapi/hoek" "^9.0.0"
    "@hapi/topo" "^5.0.0"
    "@sideway/address" "^4.1.3"
    "@sideway/formula" "^3.0.0"
    "@sideway/pinpoint" "^2.0.0"

lodash@^4.17.21:
  version "4.17.21"
  resolved "https://registry.yarnpkg.com/lodash/-/lodash-4.17.21.tgz#679591c564c3bffaae8454cf0b3df370c3d6911c"
  integrity sha512-v2kDEe57lecTulaDIuNTPy3Ry4gLGJ6Z1O3vE1krgXZNrsQ+LFTGHVxVjcXPs17LhbZVGedAJv8XZ1tvj5FvSg==

lru-cache@^6.0.0:
  version "6.0.0"
  resolved "https://registry.yarnpkg.com/lru-cache/-/lru-cache-6.0.0.tgz#6d6fe6570ebd96aaf90fcad1dafa3b2566db3a94"
  integrity sha512-Jo6dJ04CmSjuznwJSS3pUeWmd/H0ffTlkXXgwZi+eq1UCmqQwCh+eLsYOYCwY991i2Fah4h1BEMCx4qThGbsiA==
  dependencies:
    yallist "^4.0.0"

mime-db@1.x.x:
  version "1.52.0"
  resolved "https://registry.yarnpkg.com/mime-db/-/mime-db-1.52.0.tgz#bbabcdc02859f4987301c856e3387ce5ec43bf70"
  integrity sha512-sPU4uV7dYlvtWJxwwxHD0PuihVNiE7TyAbQ5SWxDCB9mUYvOgroQOwYQQOKPJ8CIbE+1ETVlOoK1UC2nU3gYvg==

moment-timezone@^0.5.34:
  version "0.5.34"
  resolved "https://registry.yarnpkg.com/moment-timezone/-/moment-timezone-0.5.34.tgz#a75938f7476b88f155d3504a9343f7519d9a405c"
  integrity sha512-3zAEHh2hKUs3EXLESx/wsgw6IQdusOT8Bxm3D9UrHPQR7zlMmzwybC8zHEM1tQ4LJwP7fcxrWr8tuBg05fFCbg==
  dependencies:
    moment ">= 2.9.0"

"moment@>= 2.9.0", moment@^2.29.1:
  version "2.29.1"
  resolved "https://registry.yarnpkg.com/moment/-/moment-2.29.1.tgz#b2be769fa31940be9eeea6469c075e35006fa3d3"
  integrity sha512-kHmoybcPV8Sqy59DwNDY3Jefr64lK/by/da0ViFcuA4DH0vQg5Q6Ze5VimxkfQNSC+Mls/Kx53s7TjP1RhFEDQ==

ms@2.1.2:
  version "2.1.2"
  resolved "https://registry.yarnpkg.com/ms/-/ms-2.1.2.tgz#d09d1f357b443f493382a8eb3ccd183872ae6009"
  integrity sha512-sGkPx+VjMtmA6MX27oA4FBFELFCZZ4S4XqeGOXCv68tT+jb3vk/RyaKWP0PTKyWtmLSM0b+adUTEvbs1PEaH2w==

nan@^2.13.2:
  version "2.15.0"
  resolved "https://registry.yarnpkg.com/nan/-/nan-2.15.0.tgz#3f34a473ff18e15c1b5626b62903b5ad6e665fee"
  integrity sha512-8ZtvEnA2c5aYCZYd1cvgdnU6cqwixRoYg70xPLWUws5ORTa/lnw+u4amixRS/Ac5U5mQVgp9pnlSUnbNWFaWZQ==

node-expat@^2.3.18:
  version "2.4.0"
  resolved "https://registry.yarnpkg.com/node-expat/-/node-expat-2.4.0.tgz#0d51626808b5912cf990b24b41244cfea14ee96b"
  integrity sha512-X8Y/Zk/izfNgfayeOeUGqze7KlaOwVJ9SDTjHUMKd0hu0aFTRpLlLCBwmx79cTPiQWD24I1YOafF+U+rTvEMfQ==
  dependencies:
    bindings "^1.5.0"
    nan "^2.13.2"

packet-reader@1.0.0:
  version "1.0.0"
  resolved "https://registry.yarnpkg.com/packet-reader/-/packet-reader-1.0.0.tgz#9238e5480dedabacfe1fe3f2771063f164157d74"
  integrity sha512-HAKu/fG3HpHFO0AA8WE8q2g+gBJaZ9MG7fcKk+IJPLTGAD6Psw4443l+9DGRbOIh3/aXr7Phy0TjilYivJo5XQ==

pg-connection-string@^2.5.0:
  version "2.5.0"
  resolved "https://registry.yarnpkg.com/pg-connection-string/-/pg-connection-string-2.5.0.tgz#538cadd0f7e603fc09a12590f3b8a452c2c0cf34"
  integrity sha512-r5o/V/ORTA6TmUnyWZR9nCj1klXCO2CEKNRlVuJptZe85QuhFayC7WeMic7ndayT5IRIR0S0xFxFi2ousartlQ==

pg-hstore@^2.3.4:
  version "2.3.4"
  resolved "https://registry.yarnpkg.com/pg-hstore/-/pg-hstore-2.3.4.tgz#4425e3e2a3e15d2a334c35581186c27cf2e9b8dd"
  integrity sha512-N3SGs/Rf+xA1M2/n0JBiXFDVMzdekwLZLAO0g7mpDY9ouX+fDI7jS6kTq3JujmYbtNSJ53TJ0q4G98KVZSM4EA==
  dependencies:
    underscore "^1.13.1"

pg-int8@1.0.1:
  version "1.0.1"
  resolved "https://registry.yarnpkg.com/pg-int8/-/pg-int8-1.0.1.tgz#943bd463bf5b71b4170115f80f8efc9a0c0eb78c"
  integrity sha512-WCtabS6t3c8SkpDBUlb1kjOs7l66xsGdKpIPZsg4wR+B3+u9UAum2odSsF9tnvxg80h4ZxLWMy4pRjOsFIqQpw==

pg-pool@^3.5.1:
  version "3.5.1"
  resolved "https://registry.yarnpkg.com/pg-pool/-/pg-pool-3.5.1.tgz#f499ce76f9bf5097488b3b83b19861f28e4ed905"
  integrity sha512-6iCR0wVrro6OOHFsyavV+i6KYL4lVNyYAB9RD18w66xSzN+d8b66HiwuP30Gp1SH5O9T82fckkzsRjlrhD0ioQ==

pg-protocol@^1.5.0:
  version "1.5.0"
  resolved "https://registry.yarnpkg.com/pg-protocol/-/pg-protocol-1.5.0.tgz#b5dd452257314565e2d54ab3c132adc46565a6a0"
  integrity sha512-muRttij7H8TqRNu/DxrAJQITO4Ac7RmX3Klyr/9mJEOBeIpgnF8f9jAfRz5d3XwQZl5qBjF9gLsUtMPJE0vezQ==

pg-types@^2.1.0:
  version "2.2.0"
  resolved "https://registry.yarnpkg.com/pg-types/-/pg-types-2.2.0.tgz#2d0250d636454f7cfa3b6ae0382fdfa8063254a3"
  integrity sha512-qTAAlrEsl8s4OiEQY69wDvcMIdQN6wdz5ojQiOy6YRMuynxenON0O5oCpJI6lshc6scgAY8qvJ2On/p+CXY0GA==
  dependencies:
    pg-int8 "1.0.1"
    postgres-array "~2.0.0"
    postgres-bytea "~1.0.0"
    postgres-date "~1.0.4"
    postgres-interval "^1.1.0"

pg@^8.7.3:
  version "8.7.3"
  resolved "https://registry.yarnpkg.com/pg/-/pg-8.7.3.tgz#8a5bdd664ca4fda4db7997ec634c6e5455b27c44"
  integrity sha512-HPmH4GH4H3AOprDJOazoIcpI49XFsHCe8xlrjHkWiapdbHK+HLtbm/GQzXYAZwmPju/kzKhjaSfMACG+8cgJcw==
  dependencies:
    buffer-writer "2.0.0"
    packet-reader "1.0.0"
    pg-connection-string "^2.5.0"
    pg-pool "^3.5.1"
    pg-protocol "^1.5.0"
    pg-types "^2.1.0"
    pgpass "1.x"

pgpass@1.x:
  version "1.0.5"
  resolved "https://registry.yarnpkg.com/pgpass/-/pgpass-1.0.5.tgz#9b873e4a564bb10fa7a7dbd55312728d422a223d"
  integrity sha512-FdW9r/jQZhSeohs1Z3sI1yxFQNFvMcnmfuj4WBMUTxOrAyLMaTcE1aAMBiTlbMNaXvBCQuVi0R7hd8udDSP7ug==
  dependencies:
    split2 "^4.1.0"

postgres-array@~2.0.0:
  version "2.0.0"
  resolved "https://registry.yarnpkg.com/postgres-array/-/postgres-array-2.0.0.tgz#48f8fce054fbc69671999329b8834b772652d82e"
  integrity sha512-VpZrUqU5A69eQyW2c5CA1jtLecCsN2U/bD6VilrFDWq5+5UIEVO7nazS3TEcHf1zuPYO/sqGvUvW62g86RXZuA==

postgres-bytea@~1.0.0:
  version "1.0.0"
  resolved "https://registry.yarnpkg.com/postgres-bytea/-/postgres-bytea-1.0.0.tgz#027b533c0aa890e26d172d47cf9ccecc521acd35"
  integrity sha1-AntTPAqokOJtFy1Hz5zOzFIazTU=

postgres-date@~1.0.4:
  version "1.0.7"
  resolved "https://registry.yarnpkg.com/postgres-date/-/postgres-date-1.0.7.tgz#51bc086006005e5061c591cee727f2531bf641a8"
  integrity sha512-suDmjLVQg78nMK2UZ454hAG+OAW+HQPZ6n++TNDUX+L0+uUlLywnoxJKDou51Zm+zTCjrCl0Nq6J9C5hP9vK/Q==

postgres-interval@^1.1.0:
  version "1.2.0"
  resolved "https://registry.yarnpkg.com/postgres-interval/-/postgres-interval-1.2.0.tgz#b460c82cb1587507788819a06aa0fffdb3544695"
  integrity sha512-9ZhXKM/rw350N1ovuWHbGxnGh/SNJ4cnxHiM0rxE4VN41wsg8P8zWn9hv/buK00RP4WvlOyr/RBDiptyxVbkZQ==
  dependencies:
    xtend "^4.0.0"

punycode@2.x.x:
  version "2.1.1"
  resolved "https://registry.yarnpkg.com/punycode/-/punycode-2.1.1.tgz#b58b010ac40c22c5657616c8d2c2c02c7bf479ec"
  integrity sha512-XRsRjdf+j5ml+y/6GKHPZbrF/8p2Yga0JPtdqTIY2Xe5ohJPD9saDJJLPvp9+NSBprVvevdXZybnj2cv8OEd0A==

retry-as-promised@^5.0.0:
  version "5.0.0"
  resolved "https://registry.yarnpkg.com/retry-as-promised/-/retry-as-promised-5.0.0.tgz#f4ecc25133603a2d2a7aff4a128691d7bc506d54"
  integrity sha512-6S+5LvtTl2ggBumk04hBo/4Uf6fRJUwIgunGZ7CYEBCeufGFW1Pu6ucUf/UskHeWOIsUcLOGLFXPig5tR5V1nA==

semver@^7.3.5:
  version "7.3.5"
  resolved "https://registry.yarnpkg.com/semver/-/semver-7.3.5.tgz#0b621c879348d8998e4b0e4be94b3f12e6018ef7"
  integrity sha512-PoeGJYh8HK4BTO/a9Tf6ZG3veo/A7ZVsYrSA6J8ny9nb3B1VrpkuN+z9OE5wfE5p6H4LchYZsegiQgbJD94ZFQ==
  dependencies:
    lru-cache "^6.0.0"

sequelize-pool@^7.1.0:
  version "7.1.0"
  resolved "https://registry.yarnpkg.com/sequelize-pool/-/sequelize-pool-7.1.0.tgz#210b391af4002762f823188fd6ecfc7413020768"
  integrity sha512-G9c0qlIWQSK29pR/5U2JF5dDQeqqHRragoyahj/Nx4KOOQ3CPPfzxnfqFPCSB7x5UgjOgnZ61nSxz+fjDpRlJg==

sequelize@^6.17.0:
  version "6.17.0"
  resolved "https://registry.yarnpkg.com/sequelize/-/sequelize-6.17.0.tgz#78a21f39b8a7548c65c0cc2055e8231137c679a3"
  integrity sha512-AZus+0YZDq91Zg0hzDaO5atTzHgJruI23V8nBlAhkLuI81Z53nSRdAe/4R1A6vGOZ/RfCLP9idF4tfQnoAsM5A==
  dependencies:
    "@types/debug" "^4.1.7"
    "@types/validator" "^13.7.1"
    debug "^4.3.3"
    dottie "^2.0.2"
    inflection "^1.13.2"
    lodash "^4.17.21"
    moment "^2.29.1"
    moment-timezone "^0.5.34"
    pg-connection-string "^2.5.0"
    retry-as-promised "^5.0.0"
    semver "^7.3.5"
    sequelize-pool "^7.1.0"
    toposort-class "^1.0.1"
    uuid "^8.3.2"
    validator "^13.7.0"
    wkx "^0.5.0"

split2@^4.1.0:
  version "4.1.0"
  resolved "https://registry.yarnpkg.com/split2/-/split2-4.1.0.tgz#101907a24370f85bb782f08adaabe4e281ecf809"
  integrity sha512-VBiJxFkxiXRlUIeyMQi8s4hgvKCSjtknJv/LVYbrgALPwf5zSKmEwV9Lst25AkvMDnvxODugjdl6KZgwKM1WYQ==

topo@3.x.x:
  version "3.0.3"
  resolved "https://registry.yarnpkg.com/topo/-/topo-3.0.3.tgz#d5a67fb2e69307ebeeb08402ec2a2a6f5f7ad95c"
  integrity sha512-IgpPtvD4kjrJ7CRA3ov2FhWQADwv+Tdqbsf1ZnPUSAtCJ9e1Z44MmoSGDXGk4IppoZA7jd/QRkNddlLJWlUZsQ==
  dependencies:
    hoek "6.x.x"

toposort-class@^1.0.1:
  version "1.0.1"
  resolved "https://registry.yarnpkg.com/toposort-class/-/toposort-class-1.0.1.tgz#7ffd1f78c8be28c3ba45cd4e1a3f5ee193bd9988"
  integrity sha1-f/0feMi+KMO6Rc1OGj9e4ZO9mYg=

underscore@^1.13.1:
  version "1.13.2"
  resolved "https://registry.yarnpkg.com/underscore/-/underscore-1.13.2.tgz#276cea1e8b9722a8dbed0100a407dda572125881"
  integrity sha512-ekY1NhRzq0B08g4bGuX4wd2jZx5GnKz6mKSqFL4nqBlfyMGiG10gDFhDTMEfYmDL6Jy0FUIZp7wiRB+0BP7J2g==

uuid@^8.3.2:
  version "8.3.2"
  resolved "https://registry.yarnpkg.com/uuid/-/uuid-8.3.2.tgz#80d5b5ced271bb9af6c445f21a1a04c606cefbe2"
  integrity sha512-+NYs2QeMWy+GWFOEm9xnn6HCDp0l7QBD7ml8zLUmJ+93Q5NF0NocErnwkTkXVFNiX3/fpC6afS8Dhb/gz7R7eg==

validator@^13.7.0:
  version "13.7.0"
  resolved "https://registry.yarnpkg.com/validator/-/validator-13.7.0.tgz#4f9658ba13ba8f3d82ee881d3516489ea85c0857"
  integrity sha512-nYXQLCBkpJ8X6ltALua9dRrZDHVYxjJ1wgskNt1lH9fzGjs3tgojGSCBjmEPwkWS1y29+DrizMTW19Pr9uB2nw==

wkx@^0.5.0:
  version "0.5.0"
  resolved "https://registry.yarnpkg.com/wkx/-/wkx-0.5.0.tgz#c6c37019acf40e517cc6b94657a25a3d4aa33e8c"
  integrity sha512-Xng/d4Ichh8uN4l0FToV/258EjMGU9MGcA0HV2d9B/ZpZB3lqQm7nkOdZdm5GhKtLLhAE7PiVQwN4eN+2YJJUg==
  dependencies:
    "@types/node" "*"

xml2json@^0.12.0:
  version "0.12.0"
  resolved "https://registry.yarnpkg.com/xml2json/-/xml2json-0.12.0.tgz#b2ae450b267033b76d896f86e022fa7bff678572"
  integrity sha512-EPJHRWJnJUYbJlzR4pBhZODwWdi2IaYGtDdteJi0JpZ4OD31IplWALuit8r73dJuM4iHZdDVKY1tLqY2UICejg==
  dependencies:
    hoek "^4.2.1"
    joi "^13.1.2"
    node-expat "^2.3.18"

xtend@^4.0.0:
  version "4.0.2"
  resolved "https://registry.yarnpkg.com/xtend/-/xtend-4.0.2.tgz#bb72779f5fa465186b1f438f674fa347fdb5db54"
  integrity sha512-LKYU1iAXJXUgAXn9URjiu+MWhyUXHsvfp7mcuYm9dSUKK0/CjtrUwFAxD82/mCWbtLsGjFIad0wIsod4zrTAEQ==

yallist@^4.0.0:
  version "4.0.0"
  resolved "https://registry.yarnpkg.com/yallist/-/yallist-4.0.0.tgz#9bb92790d9c0effec63be73519e11a35019a3a72"
  integrity sha512-3wdGidZyq5PB084XLES5TpOSRA3wjXAlIWMhum2kRcv/41Sn2emQ0dycQW4uZXLejwKvg6EsvbdlVL+FYEct7A==
